
Microsoft Visual Studio Solution File, Format Version 12.00
# Visual Studio Version 17
VisualStudioVersion = 17.0.31521.260
MinimumVisualStudioVersion = 10.0.40219.1
Project("{8BC9CEB8-8B4A-11D0-8D11-00A0C91BC942}") = "Chakra", "Chakra\Chakra.vcxproj", "{0136A4C1-10AF-480B-B845-006821CE5054}"
	ProjectSection(ProjectDependencies) = postProject
		{17BA7B67-A5C7-4FC3-9D6C-2917C9200255} = {17BA7B67-A5C7-4FC3-9D6C-2917C9200255}
	EndProjectSection
EndProject
Project("{8BC9CEB8-8B4A-11D0-8D11-00A0C91BC942}") = "LiteLoader", "LiteLoader\LiteLoader.vcxproj", "{A52A258C-73B1-4F64-B4F6-2859CE6262C5}"
	ProjectSection(ProjectDependencies) = postProject
		{0136A4C1-10AF-480B-B845-006821CE5054} = {0136A4C1-10AF-480B-B845-006821CE5054}
	EndProjectSection
EndProject
Project("{8BC9CEB8-8B4A-11D0-8D11-00A0C91BC942}") = "SymDBHelper", "Tools\SymDBHelper\SymDBHelper.vcxproj", "{17BA7B67-A5C7-4FC3-9D6C-2917C9200255}"
EndProject
Project("{8BC9CEB8-8B4A-11D0-8D11-00A0C91BC942}") = "LLAutoUpdate", "Tools\AutoUpdate\LLAutoUpdate.vcxproj", "{78E2BAA7-47ED-4A94-B0E1-5B3560641F04}"
	ProjectSection(ProjectDependencies) = postProject
		{A52A258C-73B1-4F64-B4F6-2859CE6262C5} = {A52A258C-73B1-4F64-B4F6-2859CE6262C5}
	EndProjectSection
EndProject
Project("{8BC9CEB8-8B4A-11D0-8D11-00A0C91BC942}") = "LLUnifiedOutput", "Tools\LLUnifiedOutput\LLUnifiedOutput.vcxproj", "{57F93F05-4C54-406A-B923-FE5F603128BA}"
EndProject
Global
	GlobalSection(SolutionConfigurationPlatforms) = preSolution
		Debug|x64 = Debug|x64
		Debug|x86 = Debug|x86
		Release|x64 = Release|x64
		Release|x86 = Release|x86
	EndGlobalSection
	GlobalSection(ProjectConfigurationPlatforms) = postSolution
		{0136A4C1-10AF-480B-B845-006821CE5054}.Debug|x64.ActiveCfg = Release|x64
		{0136A4C1-10AF-480B-B845-006821CE5054}.Debug|x64.Build.0 = Release|x64
		{0136A4C1-10AF-480B-B845-006821CE5054}.Debug|x86.ActiveCfg = Release|x64
		{0136A4C1-10AF-480B-B845-006821CE5054}.Debug|x86.Build.0 = Release|x64
		{0136A4C1-10AF-480B-B845-006821CE5054}.Release|x64.ActiveCfg = Release|x64
		{0136A4C1-10AF-480B-B845-006821CE5054}.Release|x64.Build.0 = Release|x64
		{0136A4C1-10AF-480B-B845-006821CE5054}.Release|x86.ActiveCfg = Release|x64
		{A52A258C-73B1-4F64-B4F6-2859CE6262C5}.Debug|x64.ActiveCfg = Release|x64
		{A52A258C-73B1-4F64-B4F6-2859CE6262C5}.Debug|x64.Build.0 = Release|x64
		{A52A258C-73B1-4F64-B4F6-2859CE6262C5}.Debug|x86.ActiveCfg = Release|x64
		{A52A258C-73B1-4F64-B4F6-2859CE6262C5}.Debug|x86.Build.0 = Release|x64
		{A52A258C-73B1-4F64-B4F6-2859CE6262C5}.Release|x64.ActiveCfg = Release|x64
		{A52A258C-73B1-4F64-B4F6-2859CE6262C5}.Release|x64.Build.0 = Release|x64
		{A52A258C-73B1-4F64-B4F6-2859CE6262C5}.Release|x86.ActiveCfg = Release|x64
		{17BA7B67-A5C7-4FC3-9D6C-2917C9200255}.Debug|x64.ActiveCfg = Debug|x64
		{17BA7B67-A5C7-4FC3-9D6C-2917C9200255}.Debug|x64.Build.0 = Debug|x64
		{17BA7B67-A5C7-4FC3-9D6C-2917C9200255}.Debug|x86.ActiveCfg = Debug|Win32
		{17BA7B67-A5C7-4FC3-9D6C-2917C9200255}.Debug|x86.Build.0 = Debug|Win32
		{17BA7B67-A5C7-4FC3-9D6C-2917C9200255}.Release|x64.ActiveCfg = Release|x64
		{17BA7B67-A5C7-4FC3-9D6C-2917C9200255}.Release|x64.Build.0 = Release|x64
		{17BA7B67-A5C7-4FC3-9D6C-2917C9200255}.Release|x86.ActiveCfg = Release|Win32
		{17BA7B67-A5C7-4FC3-9D6C-2917C9200255}.Release|x86.Build.0 = Release|Win32
		{78E2BAA7-47ED-4A94-B0E1-5B3560641F04}.Debug|x64.ActiveCfg = Release|x64
		{78E2BAA7-47ED-4A94-B0E1-5B3560641F04}.Debug|x64.Build.0 = Release|x64
		{78E2BAA7-47ED-4A94-B0E1-5B3560641F04}.Debug|x86.ActiveCfg = Release|x64
		{78E2BAA7-47ED-4A94-B0E1-5B3560641F04}.Debug|x86.Build.0 = Release|x64
		{78E2BAA7-47ED-4A94-B0E1-5B3560641F04}.Release|x64.ActiveCfg = Release|x64
		{78E2BAA7-47ED-4A94-B0E1-5B3560641F04}.Release|x64.Build.0 = Release|x64
		{78E2BAA7-47ED-4A94-B0E1-5B3560641F04}.Release|x86.ActiveCfg = Release|x64
		{78E2BAA7-47ED-4A94-B0E1-5B3560641F04}.Release|x86.Build.0 = Release|x64
		{57F93F05-4C54-406A-B923-FE5F603128BA}.Debug|x64.ActiveCfg = Debug|x64
		{57F93F05-4C54-406A-B923-FE5F603128BA}.Debug|x64.Build.0 = Debug|x64
		{57F93F05-4C54-406A-B923-FE5F603128BA}.Debug|x86.ActiveCfg = Debug|Win32
		{57F93F05-4C54-406A-B923-FE5F603128BA}.Debug|x86.Build.0 = Debug|Win32
		{57F93F05-4C54-406A-B923-FE5F603128BA}.Release|x64.ActiveCfg = Release|x64
		{57F93F05-4C54-406A-B923-FE5F603128BA}.Release|x64.Build.0 = Release|x64
		{57F93F05-4C54-406A-B923-FE5F603128BA}.Release|x86.ActiveCfg = Release|Win32
		{57F93F05-4C54-406A-B923-FE5F603128BA}.Release|x86.Build.0 = Release|Win32
	EndGlobalSection
	GlobalSection(SolutionProperties) = preSolution
		HideSolutionNode = FALSE
	EndGlobalSection
	GlobalSection(ExtensibilityGlobals) = postSolution
		SolutionGuid = {FBAAD7D4-C8B6-4544-ACD1-3048CA8A781C}
	EndGlobalSection
EndGlobal
