<?xml version="1.0" encoding="utf-8"?>
<Project ToolsVersion="4.0" xmlns="http://schemas.microsoft.com/developer/msbuild/2003">
  <ItemGroup>
    <ClCompile Include="dllmain.cpp" />
    <ClCompile Include="SymDB.cpp" />
    <ClCompile Include="PreLoader.cpp" />
    <ClCompile Include="Utils.cpp" />
    <ClCompile Include="..\LiteLoader\Lib\third-party\rawpdb\PDB.cpp">
      <Filter>PDB</Filter>
    </ClCompile>
    <ClCompile Include="..\LiteLoader\Lib\third-party\rawpdb\PDB_CoalescedMSFStream.cpp">
      <Filter>PDB</Filter>
    </ClCompile>
    <ClCompile Include="..\LiteLoader\Lib\third-party\rawpdb\PDB_DBIStream.cpp">
      <Filter>PDB</Filter>
    </ClCompile>
    <ClCompile Include="..\LiteLoader\Lib\third-party\rawpdb\PDB_DBITypes.cpp">
      <Filter>PDB</Filter>
    </ClCompile>
    <ClCompile Include="..\LiteLoader\Lib\third-party\rawpdb\PDB_DirectMSFStream.cpp">
      <Filter>PDB</Filter>
    </ClCompile>
    <ClCompile Include="..\LiteLoader\Lib\third-party\rawpdb\PDB_GlobalSymbolStream.cpp">
      <Filter>PDB</Filter>
    </ClCompile>
    <ClCompile Include="..\LiteLoader\Lib\third-party\rawpdb\PDB_ImageSectionStream.cpp">
      <Filter>PDB</Filter>
    </ClCompile>
    <ClCompile Include="..\LiteLoader\Lib\third-party\rawpdb\PDB_InfoStream.cpp">
      <Filter>PDB</Filter>
    </ClCompile>
    <ClCompile Include="..\LiteLoader\Lib\third-party\rawpdb\PDB_IPIStream.cpp">
      <Filter>PDB</Filter>
    </ClCompile>
    <ClCompile Include="..\LiteLoader\Lib\third-party\rawpdb\PDB_ModuleInfoStream.cpp">
      <Filter>PDB</Filter>
    </ClCompile>
    <ClCompile Include="..\LiteLoader\Lib\third-party\rawpdb\PDB_ModuleSymbolStream.cpp">
      <Filter>PDB</Filter>
    </ClCompile>
    <ClCompile Include="..\LiteLoader\Lib\third-party\rawpdb\PDB_PCH.cpp">
      <Filter>PDB</Filter>
    </ClCompile>
    <ClCompile Include="..\LiteLoader\Lib\third-party\rawpdb\PDB_PublicSymbolStream.cpp">
      <Filter>PDB</Filter>
    </ClCompile>
    <ClCompile Include="..\LiteLoader\Lib\third-party\rawpdb\PDB_RawFile.cpp">
      <Filter>PDB</Filter>
    </ClCompile>
    <ClCompile Include="..\LiteLoader\Lib\third-party\rawpdb\PDB_SectionContributionStream.cpp">
      <Filter>PDB</Filter>
    </ClCompile>
    <ClCompile Include="..\LiteLoader\Lib\third-party\rawpdb\PDB_SourceFileStream.cpp">
      <Filter>PDB</Filter>
    </ClCompile>
    <ClCompile Include="..\LiteLoader\Lib\third-party\rawpdb\PDB_Types.cpp">
      <Filter>PDB</Filter>
    </ClCompile>
  </ItemGroup>
  <ItemGroup>
    <ClInclude Include="Logger.h" />
    <ClInclude Include="pch.h" />
    <ClInclude Include="Utils.h" />
    <ClInclude Include="FakeSymbol.hpp" />
  </ItemGroup>
  <ItemGroup>
    <Library Include="..\LiteLoader\Lib\third-party\detours\detours.lib" />
    <Library Include="..\LiteLoader\Lib\Demangler.lib" />
  </ItemGroup>
  <ItemGroup>
    <Filter Include="PDB">
      <UniqueIdentifier>{b7d9849b-c1ca-427a-b728-35e65ac0736c}</UniqueIdentifier>
    </Filter>
  </ItemGroup>
</Project>