
Microsoft Visual Studio Solution File, Format Version 12.00
# Visual Studio Version 17
VisualStudioVersion = 17.0.31919.166
MinimumVisualStudioVersion = 10.0.40219.1
Project("{8BC9CEB8-8B4A-11D0-8D11-00A0C91BC942}") = "DBTest", "DBTest\DBTest.vcxproj", "{31E56D1B-320A-45A5-AAE2-EB3EB6D8114C}"
EndProject
Global
	GlobalSection(SolutionConfigurationPlatforms) = preSolution
		Debug|x64 = Debug|x64
		Debug|x86 = Debug|x86
		Release|x64 = Release|x64
		Release|x86 = Release|x86
	EndGlobalSection
	GlobalSection(ProjectConfigurationPlatforms) = postSolution
		{31E56D1B-320A-45A5-AAE2-EB3EB6D8114C}.Debug|x64.ActiveCfg = Debug|x64
		{31E56D1B-320A-45A5-AAE2-EB3EB6D8114C}.Debug|x64.Build.0 = Debug|x64
		{31E56D1B-320A-45A5-AAE2-EB3EB6D8114C}.Debug|x86.ActiveCfg = Debug|Win32
		{31E56D1B-320A-45A5-AAE2-EB3EB6D8114C}.Debug|x86.Build.0 = Debug|Win32
		{31E56D1B-320A-45A5-AAE2-EB3EB6D8114C}.Release|x64.ActiveCfg = Release|x64
		{31E56D1B-320A-45A5-AAE2-EB3EB6D8114C}.Release|x64.Build.0 = Release|x64
		{31E56D1B-320A-45A5-AAE2-EB3EB6D8114C}.Release|x86.ActiveCfg = Release|Win32
		{31E56D1B-320A-45A5-AAE2-EB3EB6D8114C}.Release|x86.Build.0 = Release|Win32
	EndGlobalSection
	GlobalSection(SolutionProperties) = preSolution
		HideSolutionNode = FALSE
	EndGlobalSection
	GlobalSection(ExtensibilityGlobals) = postSolution
		SolutionGuid = {F8C53DD9-6AC3-41AB-861E-2C3F0CDD6468}
	EndGlobalSection
EndGlobal
