<?xml version="1.0" encoding="utf-8"?>
<Project ToolsVersion="4.0" xmlns="http://schemas.microsoft.com/developer/msbuild/2003">
  <ItemGroup>
    <Filter Include="Header">
      <UniqueIdentifier>{d410e212-6fb1-4b5e-ad71-ca8719382134}</UniqueIdentifier>
    </Filter>
    <Filter Include="Kernel">
      <UniqueIdentifier>{00986ecf-875a-4a73-8bf4-c0d13fa28a8c}</UniqueIdentifier>
    </Filter>
    <Filter Include="Header\Utils">
      <UniqueIdentifier>{f859b142-7ffa-4640-9db5-9651be70e1f5}</UniqueIdentifier>
    </Filter>
    <Filter Include="Resource">
      <UniqueIdentifier>{a29273cf-1024-42da-bbca-c7b68d0bd7d9}</UniqueIdentifier>
    </Filter>
    <Filter Include="Kernel\Utils">
      <UniqueIdentifier>{db8c7097-58e9-4305-a23c-ca484d7f7849}</UniqueIdentifier>
    </Filter>
    <Filter Include="Kernel\Command">
      <UniqueIdentifier>{f30950e1-b963-47af-9bee-c7c49e7cb87e}</UniqueIdentifier>
    </Filter>
    <Filter Include="Lib">
      <UniqueIdentifier>{d9e89437-c6ec-49f1-a3cd-c9a420629b3d}</UniqueIdentifier>
    </Filter>
    <Filter Include="Header\NBT">
      <UniqueIdentifier>{4337a0ac-2dc4-4c54-8052-8a461c46788a}</UniqueIdentifier>
    </Filter>
    <Filter Include="Kernel\NBT">
      <UniqueIdentifier>{4fd86d70-9a2a-4ae7-9492-e9b6001e547d}</UniqueIdentifier>
    </Filter>
    <Filter Include="Header\MC">
      <UniqueIdentifier>{844b628b-f60c-4f0c-8292-6b0318207aa6}</UniqueIdentifier>
    </Filter>
    <Filter Include="Header\Command">
      <UniqueIdentifier>{31d6a3e5-865d-4c63-ac9f-3a1ae20576fc}</UniqueIdentifier>
    </Filter>
    <Filter Include="Header\Scoreboard">
      <UniqueIdentifier>{11aba141-6e81-441c-8e76-a1635772030b}</UniqueIdentifier>
    </Filter>
    <Filter Include="Kernel\MC">
      <UniqueIdentifier>{4b84964d-df75-4565-a71c-59caceead767}</UniqueIdentifier>
    </Filter>
    <Filter Include="Header\Network">
      <UniqueIdentifier>{267c13cb-41b5-4811-a67e-36c7db62c3dc}</UniqueIdentifier>
    </Filter>
    <Filter Include="Kernel\Network">
      <UniqueIdentifier>{0b9c3bec-df03-439f-ab69-45c3ff10bf78}</UniqueIdentifier>
    </Filter>
    <Filter Include="Kernel\Scoreboard">
      <UniqueIdentifier>{d375fb36-d7c6-411f-8605-3cc7dff1f146}</UniqueIdentifier>
    </Filter>
    <Filter Include="Kernel\NBT\nbt-cpp">
      <UniqueIdentifier>{abcde5be-b05d-45ec-a4e4-96df63633116}</UniqueIdentifier>
    </Filter>
    <Filter Include="Header\Impl">
      <UniqueIdentifier>{7006e6eb-0a05-4de0-8fde-ae880320a014}</UniqueIdentifier>
    </Filter>
    <Filter Include="Main">
      <UniqueIdentifier>{573131eb-b7d5-464e-b1d7-d2a041d60f35}</UniqueIdentifier>
    </Filter>
    <Filter Include="Kernel\DB">
      <UniqueIdentifier>{d47eee0a-ceaf-48ec-b747-856b3378b49a}</UniqueIdentifier>
    </Filter>
    <Filter Include="Header\DB">
      <UniqueIdentifier>{39f6d3f7-c1b7-4418-862e-85ed1198ff67}</UniqueIdentifier>
    </Filter>
    <Filter Include="Header\DB\Impl">
      <UniqueIdentifier>{d935bcb1-83d6-4fc5-bac1-104c98ac7b92}</UniqueIdentifier>
    </Filter>
    <Filter Include="Header\DB\Impl\SQLite">
      <UniqueIdentifier>{19c29bec-ff40-4c20-be8c-9fd752fe4477}</UniqueIdentifier>
    </Filter>
    <Filter Include="Kernel\DB\Impl">
      <UniqueIdentifier>{a6b1e662-95cb-4d69-a4ec-c93bd8278adb}</UniqueIdentifier>
    </Filter>
    <Filter Include="Kernel\DB\Impl\SQLite">
      <UniqueIdentifier>{5661b9a4-01e6-445e-8565-b34f504cd4e2}</UniqueIdentifier>
    </Filter>
    <Filter Include="Header\DB\Impl\MySQL">
      <UniqueIdentifier>{0d856a82-dfc2-456d-9c8c-220ee36bca2b}</UniqueIdentifier>
    </Filter>
    <Filter Include="Kernel\DB\Impl\MySQL">
      <UniqueIdentifier>{2ddb5319-2d2b-4a85-8d4e-1beb3d3d7023}</UniqueIdentifier>
    </Filter>
  </ItemGroup>
  <ItemGroup>
    <ClCompile Include="Kernel\Utils\CsLock.cpp">
      <Filter>Kernel\Utils</Filter>
    </ClCompile>
    <ClCompile Include="Kernel\LLAPI.cpp">
      <Filter>Kernel</Filter>
    </ClCompile>
    <ClCompile Include="Kernel\Utils\StringHelper.cpp">
      <Filter>Kernel\Utils</Filter>
    </ClCompile>
    <ClCompile Include="Kernel\Utils\WinHelper.cpp">
      <Filter>Kernel\Utils</Filter>
    </ClCompile>
    <ClCompile Include="Kernel\ServerAPI.cpp">
      <Filter>Kernel</Filter>
    </ClCompile>
    <ClCompile Include="Kernel\Utils\PluginOwnData.cpp">
      <Filter>Kernel\Utils</Filter>
    </ClCompile>
    <ClCompile Include="Kernel\Utils\FileHelper.cpp">
      <Filter>Kernel\Utils</Filter>
    </ClCompile>
    <ClCompile Include="Kernel\KVDBAPI.cpp">
      <Filter>Kernel</Filter>
    </ClCompile>
    <ClCompile Include="Kernel\Utils\NetworkHelper.cpp">
      <Filter>Kernel\Utils</Filter>
    </ClCompile>
    <ClCompile Include="Kernel\Utils\CryptHelper.cpp">
      <Filter>Kernel\Utils</Filter>
    </ClCompile>
    <ClCompile Include="Kernel\Utils\GlobalService.cpp">
      <Filter>Kernel\Utils</Filter>
    </ClCompile>
    <ClCompile Include="Kernel\ScheduleAPI.cpp">
      <Filter>Kernel</Filter>
    </ClCompile>
    <ClCompile Include="Kernel\EventAPI.cpp">
      <Filter>Kernel</Filter>
    </ClCompile>
    <ClCompile Include="Kernel\Utils\PlayerMap.cpp">
      <Filter>Kernel\Utils</Filter>
    </ClCompile>
    <ClCompile Include="Kernel\Command\CommandOriginAPI.cpp">
      <Filter>Kernel\Command</Filter>
    </ClCompile>
    <ClCompile Include="Kernel\Command\CommandOutputAPI.cpp">
      <Filter>Kernel\Command</Filter>
    </ClCompile>
    <ClCompile Include="Kernel\Command\CommandRegistryAPI.cpp">
      <Filter>Kernel\Command</Filter>
    </ClCompile>
    <ClCompile Include="Kernel\NBT\ListTagAPI.cpp">
      <Filter>Kernel\NBT</Filter>
    </ClCompile>
    <ClCompile Include="Kernel\NBT\CompoundTagAPI.cpp">
      <Filter>Kernel\NBT</Filter>
    </ClCompile>
    <ClCompile Include="Kernel\NBT\TagAPI.cpp">
      <Filter>Kernel\NBT</Filter>
    </ClCompile>
    <ClCompile Include="Kernel\MC\ActorAPI.cpp">
      <Filter>Kernel\MC</Filter>
    </ClCompile>
    <ClCompile Include="Kernel\MC\BlockActorAPI.cpp">
      <Filter>Kernel\MC</Filter>
    </ClCompile>
    <ClCompile Include="Kernel\MC\BlockAPI.cpp">
      <Filter>Kernel\MC</Filter>
    </ClCompile>
    <ClCompile Include="Kernel\MC\BlockInstanceAPI.cpp">
      <Filter>Kernel\MC</Filter>
    </ClCompile>
    <ClCompile Include="Kernel\BlockLegacyAPI.cpp">
      <Filter>Kernel\MC</Filter>
    </ClCompile>
    <ClCompile Include="Kernel\MC\BlockSourceAPI.cpp">
      <Filter>Kernel\MC</Filter>
    </ClCompile>
    <ClCompile Include="Kernel\MC\ContainerAPI.cpp">
      <Filter>Kernel\MC</Filter>
    </ClCompile>
    <ClCompile Include="Kernel\MC\GameModeAPI.cpp">
      <Filter>Kernel\MC</Filter>
    </ClCompile>
    <ClCompile Include="Kernel\MC\HitResultAPI.cpp">
      <Filter>Kernel\MC</Filter>
    </ClCompile>
    <ClCompile Include="Kernel\MC\ItemActorAPI.cpp">
      <Filter>Kernel\MC</Filter>
    </ClCompile>
    <ClCompile Include="Kernel\MC\ItemStackAPI.cpp">
      <Filter>Kernel\MC</Filter>
    </ClCompile>
    <ClCompile Include="Kernel\MC\LevelAPI.cpp">
      <Filter>Kernel\MC</Filter>
    </ClCompile>
    <ClCompile Include="Kernel\MC\MobAPI.cpp">
      <Filter>Kernel\MC</Filter>
    </ClCompile>
    <ClCompile Include="Kernel\MC\NetworkIdentifierAPI.cpp">
      <Filter>Kernel\MC</Filter>
    </ClCompile>
    <ClCompile Include="Kernel\MC\PlayerAPI.cpp">
      <Filter>Kernel\MC</Filter>
    </ClCompile>
    <ClCompile Include="Kernel\MC\SpawnerAPI.cpp">
      <Filter>Kernel\MC</Filter>
    </ClCompile>
    <ClCompile Include="Kernel\MC\StructureTemplateAPI.cpp">
      <Filter>Kernel\MC</Filter>
    </ClCompile>
    <ClCompile Include="Kernel\MC\Types.cpp">
      <Filter>Kernel\MC</Filter>
    </ClCompile>
    <ClCompile Include="Kernel\Network\ReadOnlyBinaryStreamAPI.cpp">
      <Filter>Kernel\Network</Filter>
    </ClCompile>
    <ClCompile Include="Kernel\Network\BinaryStreamAPI.cpp">
      <Filter>Kernel\Network</Filter>
    </ClCompile>
    <ClCompile Include="Kernel\Scoreboard\ScoreboardAPI.cpp">
      <Filter>Kernel\Scoreboard</Filter>
    </ClCompile>
    <ClCompile Include="Kernel\PlayerInfoAPI.cpp">
      <Filter>Kernel</Filter>
    </ClCompile>
    <ClCompile Include="Lib\third-party\nbt-cpp\nbt.cpp">
      <Filter>Kernel\NBT\nbt-cpp</Filter>
    </ClCompile>
    <ClCompile Include="Kernel\MC\ActorDamageSource.cpp">
      <Filter>Kernel\MC</Filter>
    </ClCompile>
    <ClCompile Include="Kernel\LoggerAPI.cpp">
      <Filter>Kernel</Filter>
    </ClCompile>
    <ClCompile Include="Kernel\NBT\TagMemoryChunk.cpp">
      <Filter>Kernel\NBT</Filter>
    </ClCompile>
    <ClCompile Include="Kernel\FormPacketHelper.cpp">
      <Filter>Kernel</Filter>
    </ClCompile>
    <ClCompile Include="Kernel\NBT\StringTagAPI.cpp">
      <Filter>Kernel\NBT</Filter>
    </ClCompile>
    <ClCompile Include="Kernel\NBT\ShortTagAPI.cpp">
      <Filter>Kernel\NBT</Filter>
    </ClCompile>
    <ClCompile Include="Kernel\NBT\IntTagAPI.cpp">
      <Filter>Kernel\NBT</Filter>
    </ClCompile>
    <ClCompile Include="Kernel\NBT\IntArrayTagAPI.cpp">
      <Filter>Kernel\NBT</Filter>
    </ClCompile>
    <ClCompile Include="Kernel\NBT\FloatTagAPI.cpp">
      <Filter>Kernel\NBT</Filter>
    </ClCompile>
    <ClCompile Include="Kernel\NBT\EndTagAPI.cpp">
      <Filter>Kernel\NBT</Filter>
    </ClCompile>
    <ClCompile Include="Kernel\NBT\Int64TagAPI.cpp">
      <Filter>Kernel\NBT</Filter>
    </ClCompile>
    <ClCompile Include="Kernel\NBT\DoubleTagAPI.cpp">
      <Filter>Kernel\NBT</Filter>
    </ClCompile>
    <ClCompile Include="Kernel\NBT\ByteTagAPI.cpp">
      <Filter>Kernel\NBT</Filter>
    </ClCompile>
    <ClCompile Include="Kernel\NBT\ByteArrayTagAPI.cpp">
      <Filter>Kernel\NBT</Filter>
    </ClCompile>
    <ClCompile Include="Kernel\ObjectivePacketHelper.cpp">
      <Filter>Kernel</Filter>
    </ClCompile>
    <ClCompile Include="Main\BuiltinBugFix.cpp">
      <Filter>Main</Filter>
    </ClCompile>
    <ClCompile Include="Main\BuiltinCommands.cpp">
      <Filter>Main</Filter>
    </ClCompile>
    <ClCompile Include="Main\BuiltinUnlockCmd.cpp">
      <Filter>Main</Filter>
    </ClCompile>
    <ClCompile Include="Main\Config.cpp">
      <Filter>Main</Filter>
    </ClCompile>
    <ClCompile Include="Main\dllmain.cpp">
      <Filter>Main</Filter>
    </ClCompile>
    <ClCompile Include="Main\LiteLoader.cpp">
      <Filter>Main</Filter>
    </ClCompile>
    <ClCompile Include="Main\Loader.cpp">
      <Filter>Main</Filter>
    </ClCompile>
    <ClCompile Include="Main\ModifyInfomation.cpp">
      <Filter>Main</Filter>
    </ClCompile>
    <ClCompile Include="Main\PluginManager.cpp">
      <Filter>Main</Filter>
    </ClCompile>
    <ClCompile Include="Kernel\Scoreboard\ObjectiveAPI.cpp">
      <Filter>Kernel\Scoreboard</Filter>
    </ClCompile>
    <ClCompile Include="Main\CrashLogger.cpp">
      <Filter>Main</Filter>
    </ClCompile>
    <ClCompile Include="Main\SimpleServerLogger.cpp">
      <Filter>Main</Filter>
    </ClCompile>
    <ClCompile Include="Main\SEHProtection.cpp">
      <Filter>Main</Filter>
    </ClCompile>
    <ClCompile Include="Kernel\Utils\DbgHelper.cpp">
      <Filter>Kernel\Utils</Filter>
    </ClCompile>
    <ClCompile Include="Kernel\FormUI.cpp">
      <Filter>Kernel</Filter>
    </ClCompile>
    <ClCompile Include="Kernel\SimulatedPlayerAPI.cpp">
      <Filter>Kernel\MC</Filter>
    </ClCompile>
    <ClCompile Include="Kernel\Utils\STLHelper.cpp">
      <Filter>Kernel\Utils</Filter>
    </ClCompile>
    <ClCompile Include="Kernel\MC\I18nAPI.cpp">
      <Filter>Kernel\MC</Filter>
    </ClCompile>
    <ClCompile Include="Main\AddonsHelper.cpp">
      <Filter>Main</Filter>
    </ClCompile>
    <ClCompile Include="Kernel\AllowListAPI.cpp">
      <Filter>Kernel</Filter>
    </ClCompile>
    <ClCompile Include="Kernel\Compatibility.cpp">
      <Filter>Kernel</Filter>
    </ClCompile>
    <ClCompile Include="Kernel\MC\ColorFormatAPI.cpp">
      <Filter>Kernel\MC</Filter>
    </ClCompile>
    <ClCompile Include="Kernel\NBT\PrettySnbtFormatAPI.cpp">
      <Filter>Kernel\NBT</Filter>
    </ClCompile>
    <ClCompile Include="Kernel\Command\DynamicCommandAPI.cpp">
      <Filter>Kernel\Command</Filter>
    </ClCompile>
    <ClCompile Include="Kernel\I18nAPI.cpp">
      <Filter>Kernel</Filter>
    </ClCompile>
    <ClCompile Include="Kernel\Network\PacketAPI.cpp">
      <Filter>Kernel\Network</Filter>
    </ClCompile>
    <ClCompile Include="Kernel\Utils\SRWLock.cpp">
      <Filter>Kernel\Utils</Filter>
    </ClCompile>
    <ClCompile Include="Kernel\RemoteCallAPI.cpp">
      <Filter>Kernel</Filter>
    </ClCompile>
    <ClCompile Include="Kernel\DB\Row.cpp">
      <Filter>Kernel\DB</Filter>
    </ClCompile>
    <ClCompile Include="Kernel\DB\Any.cpp">
      <Filter>Kernel\DB</Filter>
    </ClCompile>
    <ClCompile Include="Kernel\DB\RowSet.cpp">
      <Filter>Kernel\DB</Filter>
    </ClCompile>
    <ClCompile Include="Kernel\DB\ConnParams.cpp">
      <Filter>Kernel\DB</Filter>
    </ClCompile>
    <ClCompile Include="Kernel\DB\Session.cpp">
      <Filter>Kernel\DB</Filter>
    </ClCompile>
    <ClCompile Include="Kernel\DB\Impl\SQLite\Stmt.cpp">
      <Filter>Kernel\DB\Impl\SQLite</Filter>
    </ClCompile>
    <ClCompile Include="Kernel\DB\Impl\SQLite\Session.cpp">
      <Filter>Kernel\DB\Impl\SQLite</Filter>
    </ClCompile>
    <ClCompile Include="Kernel\DB\Stmt.cpp">
      <Filter>Kernel\DB</Filter>
    </ClCompile>
    <ClCompile Include="Kernel\DB\Impl\MySQL\Session.cpp">
      <Filter>Kernel\DB\Impl\MySQL</Filter>
    </ClCompile>
    <ClCompile Include="Kernel\DB\Impl\MySQL\Stmt.cpp">
      <Filter>Kernel\DB\Impl\MySQL</Filter>
    </ClCompile>
    <ClCompile Include="Kernel\Utils\StringReader.cpp">
      <Filter>Kernel\Utils</Filter>
    </ClCompile>
    <ClCompile Include="Kernel\Utils\ShellLinkFile.cpp">
      <Filter>Kernel\Utils</Filter>
    </ClCompile>
    <ClCompile Include="Kernel\MC\BiomeAPI.cpp">
      <Filter>Kernel</Filter>
    </ClCompile>
    <ClCompile Include="Kernel\MC\MolangAPI.cpp">
      <Filter>Kernel\MC</Filter>
    </ClCompile>
    <ClCompile Include="Main\BStats.cpp">
      <Filter>Main</Filter>
    </ClCompile>
  </ItemGroup>
  <ItemGroup>
    <ClInclude Include="Header\HookAPI.h">
      <Filter>Header</Filter>
    </ClInclude>
    <ClInclude Include="Header\Utils\CsLock.h">
      <Filter>Header\Utils</Filter>
    </ClInclude>
    <ClInclude Include="Header\Global.h">
      <Filter>Header</Filter>
    </ClInclude>
    <ClInclude Include="Header\LLAPI.h">
      <Filter>Header</Filter>
    </ClInclude>
    <ClInclude Include="Header\Utils\PatchHelper.h">
      <Filter>Header\Utils</Filter>
    </ClInclude>
    <ClInclude Include="Resource\resource.h">
      <Filter>Resource</Filter>
    </ClInclude>
    <ClInclude Include="Header\ServerAPI.h">
      <Filter>Header</Filter>
    </ClInclude>
    <ClInclude Include="Header\Utils\StringHelper.h">
      <Filter>Header\Utils</Filter>
    </ClInclude>
    <ClInclude Include="Header\Utils\WinHelper.h">
      <Filter>Header\Utils</Filter>
    </ClInclude>
    <ClInclude Include="Header\Utils\Hash.h">
      <Filter>Header\Utils</Filter>
    </ClInclude>
    <ClInclude Include="Header\Utils\PluginOwnData.h">
      <Filter>Header\Utils</Filter>
    </ClInclude>
    <ClInclude Include="Header\Utils\FileHelper.h">
      <Filter>Header\Utils</Filter>
    </ClInclude>
    <ClInclude Include="Header\I18nAPI.h">
      <Filter>Header</Filter>
    </ClInclude>
    <ClInclude Include="Header\KVDBAPI.h">
      <Filter>Header</Filter>
    </ClInclude>
    <ClInclude Include="Header\Utils\Json.h">
      <Filter>Header\Utils</Filter>
    </ClInclude>
    <ClInclude Include="Header\Utils\NetworkHelper.h">
      <Filter>Header\Utils</Filter>
    </ClInclude>
    <ClInclude Include="Header\Utils\CryptHelper.h">
      <Filter>Header\Utils</Filter>
    </ClInclude>
    <ClInclude Include="Header\ScheduleAPI.h">
      <Filter>Header</Filter>
    </ClInclude>
    <ClInclude Include="Header\EventAPI.h">
      <Filter>Header</Filter>
    </ClInclude>
    <ClInclude Include="Header\Utils\ViewHelper.h">
      <Filter>Header\Utils</Filter>
    </ClInclude>
    <ClInclude Include="Header\Utils\Optional.h">
      <Filter>Header\Utils</Filter>
    </ClInclude>
    <ClInclude Include="Header\Utils\VarInt.h">
      <Filter>Header\Utils</Filter>
    </ClInclude>
    <ClInclude Include="Header\Utils\Bstream.h">
      <Filter>Header\Utils</Filter>
    </ClInclude>
    <ClInclude Include="Header\Utils\PlayerMap.h">
      <Filter>Header\Utils</Filter>
    </ClInclude>
    <ClInclude Include="Header\SendPacketAPI.h">
      <Filter>Header</Filter>
    </ClInclude>
    <ClInclude Include="Header\PlayerInfoAPI.h">
      <Filter>Header</Filter>
    </ClInclude>
    <ClInclude Include="Header\MC\Command.hpp">
      <Filter>Header\Command</Filter>
    </ClInclude>
    <ClInclude Include="Header\MC\CommandContext.hpp">
      <Filter>Header\Command</Filter>
    </ClInclude>
    <ClInclude Include="Header\MC\CommandMessage.hpp">
      <Filter>Header\Command</Filter>
    </ClInclude>
    <ClInclude Include="Header\MC\CommandOrigin.hpp">
      <Filter>Header\Command</Filter>
    </ClInclude>
    <ClInclude Include="Header\MC\CommandOutput.hpp">
      <Filter>Header\Command</Filter>
    </ClInclude>
    <ClInclude Include="Header\MC\CommandParameterData.hpp">
      <Filter>Header\Command</Filter>
    </ClInclude>
    <ClInclude Include="Header\MC\CommandPosition.hpp">
      <Filter>Header\Command</Filter>
    </ClInclude>
    <ClInclude Include="Header\MC\CommandRegistry.hpp">
      <Filter>Header\Command</Filter>
    </ClInclude>
    <ClInclude Include="Header\MC\AABB.hpp">
      <Filter>Header\MC</Filter>
    </ClInclude>
    <ClInclude Include="Header\MC\Actor.hpp">
      <Filter>Header\MC</Filter>
    </ClInclude>
    <ClInclude Include="Header\MC\Automation.hpp">
      <Filter>Header\MC</Filter>
    </ClInclude>
    <ClInclude Include="Header\MC\Block.hpp">
      <Filter>Header\MC</Filter>
    </ClInclude>
    <ClInclude Include="Header\MC\BlockActor.hpp">
      <Filter>Header\MC</Filter>
    </ClInclude>
    <ClInclude Include="Header\MC\BlockLegacy.hpp">
      <Filter>Header\MC</Filter>
    </ClInclude>
    <ClInclude Include="Header\MC\BlockSource.hpp">
      <Filter>Header\MC</Filter>
    </ClInclude>
    <ClInclude Include="Header\MC\ConnectionRequest.hpp">
      <Filter>Header\MC</Filter>
    </ClInclude>
    <ClInclude Include="Header\MC\Container.hpp">
      <Filter>Header\MC</Filter>
    </ClInclude>
    <ClInclude Include="Header\MC\GameMode.hpp">
      <Filter>Header\MC</Filter>
    </ClInclude>
    <ClInclude Include="Header\MC\HashedString.hpp">
      <Filter>Header\MC</Filter>
    </ClInclude>
    <ClInclude Include="Header\MC\HitResult.hpp">
      <Filter>Header\MC</Filter>
    </ClInclude>
    <ClInclude Include="Header\MC\ItemActor.hpp">
      <Filter>Header\MC</Filter>
    </ClInclude>
    <ClInclude Include="Header\MC\ItemStack.hpp">
      <Filter>Header\MC</Filter>
    </ClInclude>
    <ClInclude Include="Header\MC\Level.hpp">
      <Filter>Header\MC</Filter>
    </ClInclude>
    <ClInclude Include="Header\MC\Mob.hpp">
      <Filter>Header\MC</Filter>
    </ClInclude>
    <ClInclude Include="Header\MC\NetworkIdentifier.hpp">
      <Filter>Header\MC</Filter>
    </ClInclude>
    <ClInclude Include="Header\MC\Player.hpp">
      <Filter>Header\MC</Filter>
    </ClInclude>
    <ClInclude Include="Header\MC\Spawner.hpp">
      <Filter>Header\MC</Filter>
    </ClInclude>
    <ClInclude Include="Header\MC\StructureSettings.hpp">
      <Filter>Header\MC</Filter>
    </ClInclude>
    <ClInclude Include="Header\MC\StructureTemplate.hpp">
      <Filter>Header\MC</Filter>
    </ClInclude>
    <ClInclude Include="Header\MC\WebToken.hpp">
      <Filter>Header\MC</Filter>
    </ClInclude>
    <ClInclude Include="Header\MC\ByteArrayTag.hpp">
      <Filter>Header\NBT</Filter>
    </ClInclude>
    <ClInclude Include="Header\MC\ByteTag.hpp">
      <Filter>Header\NBT</Filter>
    </ClInclude>
    <ClInclude Include="Header\MC\CompoundTag.hpp">
      <Filter>Header\NBT</Filter>
    </ClInclude>
    <ClInclude Include="Header\MC\CompoundTagVariant.hpp">
      <Filter>Header\NBT</Filter>
    </ClInclude>
    <ClInclude Include="Header\MC\DoubleTag.hpp">
      <Filter>Header\NBT</Filter>
    </ClInclude>
    <ClInclude Include="Header\MC\EndTag.hpp">
      <Filter>Header\NBT</Filter>
    </ClInclude>
    <ClInclude Include="Header\MC\FloatTag.hpp">
      <Filter>Header\NBT</Filter>
    </ClInclude>
    <ClInclude Include="Header\MC\Int64Tag.hpp">
      <Filter>Header\NBT</Filter>
    </ClInclude>
    <ClInclude Include="Header\MC\IntArrayTag.hpp">
      <Filter>Header\NBT</Filter>
    </ClInclude>
    <ClInclude Include="Header\MC\IntTag.hpp">
      <Filter>Header\NBT</Filter>
    </ClInclude>
    <ClInclude Include="Header\MC\ListTag.hpp">
      <Filter>Header\NBT</Filter>
    </ClInclude>
    <ClInclude Include="Header\MC\Tag.hpp">
      <Filter>Header\NBT</Filter>
    </ClInclude>
    <ClInclude Include="Header\MC\TagMemoryChunk.hpp">
      <Filter>Header\NBT</Filter>
    </ClInclude>
    <ClInclude Include="Header\MC\MinecraftCommands.hpp">
      <Filter>Header\Command</Filter>
    </ClInclude>
    <ClInclude Include="Header\MC\NbtIo.hpp">
      <Filter>Header\NBT</Filter>
    </ClInclude>
    <ClInclude Include="Header\MC\StringTag.hpp">
      <Filter>Header\NBT</Filter>
    </ClInclude>
    <ClInclude Include="Header\MC\ShortTag.hpp">
      <Filter>Header\NBT</Filter>
    </ClInclude>
    <ClInclude Include="Header\MC\BlockInstance.hpp">
      <Filter>Header\MC</Filter>
    </ClInclude>
    <ClInclude Include="Header\MC\Scoreboard.hpp">
      <Filter>Header\Scoreboard</Filter>
    </ClInclude>
    <ClInclude Include="Header\MC\ScoreboardId.hpp">
      <Filter>Header\Scoreboard</Filter>
    </ClInclude>
    <ClInclude Include="Header\MC\RelativeFloat.hpp">
      <Filter>Header\MC</Filter>
    </ClInclude>
    <ClInclude Include="Header\MC\RakNet.hpp">
      <Filter>Header\Network</Filter>
    </ClInclude>
    <ClInclude Include="Header\MC\Packet.hpp">
      <Filter>Header\Network</Filter>
    </ClInclude>
    <ClInclude Include="Header\MC\BinaryStream.hpp">
      <Filter>Header\Network</Filter>
    </ClInclude>
    <ClInclude Include="Header\MC\ReadOnlyBinaryStream.hpp">
      <Filter>Header\Network</Filter>
    </ClInclude>
    <ClInclude Include="Lib\third-party\nbt-cpp\nbt_internal.hpp">
      <Filter>Kernel\NBT\nbt-cpp</Filter>
    </ClInclude>
    <ClInclude Include="Header\LoggerAPI.h">
      <Filter>Header</Filter>
    </ClInclude>
    <ClInclude Include="Header\MC\MobEffectInstance.hpp">
      <Filter>Header\MC</Filter>
    </ClInclude>
    <ClInclude Include="Header\MC\ActorDamageSource.hpp">
      <Filter>Header\MC</Filter>
    </ClInclude>
    <ClInclude Include="Header\MC\CommandSelector.hpp">
      <Filter>Header\Command</Filter>
    </ClInclude>
    <ClInclude Include="Header\MC\CommandSelectorBase.hpp">
      <Filter>Header\Command</Filter>
    </ClInclude>
    <ClInclude Include="Header\FormUI.h">
      <Filter>Header</Filter>
    </ClInclude>
    <ClInclude Include="Header\Impl\FormPacketHelper.h">
      <Filter>Header\Impl</Filter>
    </ClInclude>
    <ClInclude Include="Header\MC\Types.hpp">
      <Filter>Header\MC</Filter>
    </ClInclude>
    <ClInclude Include="Header\GlobalServiceAPI.h">
      <Filter>Header</Filter>
    </ClInclude>
    <ClInclude Include="Header\Impl\ObjectivePacketHelper.h">
      <Filter>Header\Impl</Filter>
    </ClInclude>
    <ClInclude Include="Main\Config.h">
      <Filter>Main</Filter>
    </ClInclude>
    <ClInclude Include="Main\Loader.h">
      <Filter>Main</Filter>
    </ClInclude>
    <ClInclude Include="Main\PluginManager.h">
      <Filter>Main</Filter>
    </ClInclude>
    <ClInclude Include="Main\Version.h">
      <Filter>Main</Filter>
    </ClInclude>
    <ClInclude Include="Main\LiteLoader.h">
      <Filter>Main</Filter>
    </ClInclude>
    <ClInclude Include="Header\MC\DBStorage.hpp">
      <Filter>Header\MC</Filter>
    </ClInclude>
    <ClInclude Include="Main\CrashLogger.h">
      <Filter>Main</Filter>
    </ClInclude>
    <ClInclude Include="Header\Utils\DbgHelper.h">
      <Filter>Header\Utils</Filter>
    </ClInclude>
    <ClInclude Include="Header\MC\SimulatedPlayer.hpp">
      <Filter>Header\MC</Filter>
    </ClInclude>
    <ClInclude Include="Header\MC\DataItem.hpp">
      <Filter>Header\MC</Filter>
    </ClInclude>
    <ClInclude Include="Header\MC\DataItem2.hpp">
      <Filter>Header\MC</Filter>
    </ClInclude>
    <ClInclude Include="Header\Utils\STLHelper.h">
      <Filter>Header\Utils</Filter>
    </ClInclude>
    <ClInclude Include="Header\MC\I18n.hpp">
      <Filter>Header\MC</Filter>
    </ClInclude>
    <ClInclude Include="Header\MC\SynchedActorData.hpp">
      <Filter>Header\MC</Filter>
    </ClInclude>
    <ClInclude Include="Main\AddonsHelper.h">
      <Filter>Main</Filter>
    </ClInclude>
    <ClInclude Include="Header\AllowListAPI.h">
      <Filter>Header</Filter>
    </ClInclude>
    <ClInclude Include="Header\MC\ItemStackBase.hpp">
      <Filter>Header\MC</Filter>
    </ClInclude>
    <ClInclude Include="Header\MC\ColorFormat.hpp">
      <Filter>Header\MC</Filter>
    </ClInclude>
    <ClInclude Include="Header\MC\PrettySnbtFormat.hpp">
      <Filter>Header\NBT</Filter>
    </ClInclude>
    <ClInclude Include="Header\DynamicCommandAPI.h">
      <Filter>Header\Command</Filter>
    </ClInclude>
    <ClInclude Include="Header\TranslationAPI.h">
      <Filter>Header</Filter>
    </ClInclude>
    <ClInclude Include="Header\MC\CommandPositionFloat.hpp">
      <Filter>Header\Command</Filter>
    </ClInclude>
    <ClInclude Include="Header\MC\CommandFlag.hpp">
      <Filter>Header\Command</Filter>
    </ClInclude>
    <ClInclude Include="Header\RegCommandAPI.h">
      <Filter>Header\Command</Filter>
    </ClInclude>
    <ClInclude Include="Header\Utils\SRWLock.h">
      <Filter>Header\Utils</Filter>
    </ClInclude>
    <ClInclude Include="Header\RemoteCallAPI.h">
      <Filter>Header</Filter>
    </ClInclude>
    <ClInclude Include="Header\DB\RowSet.h">
      <Filter>Header\DB</Filter>
    </ClInclude>
    <ClInclude Include="Header\DB\Session.h">
      <Filter>Header\DB</Filter>
    </ClInclude>
    <ClInclude Include="Header\DB\Any.h">
      <Filter>Header\DB</Filter>
    </ClInclude>
    <ClInclude Include="Header\DB\Row.h">
      <Filter>Header\DB</Filter>
    </ClInclude>
    <ClInclude Include="Header\DB\ConnParams.h">
      <Filter>Header\DB</Filter>
    </ClInclude>
    <ClInclude Include="Header\DB\Impl\SQLite\Stmt.h">
      <Filter>Header\DB\Impl\SQLite</Filter>
    </ClInclude>
    <ClInclude Include="Header\DB\Impl\SQLite\Session.h">
      <Filter>Header\DB\Impl\SQLite</Filter>
    </ClInclude>
    <ClInclude Include="Header\DB\Types.h">
      <Filter>Header\DB</Filter>
    </ClInclude>
    <ClInclude Include="Header\DB\Stmt.h">
      <Filter>Header\DB</Filter>
    </ClInclude>
    <ClInclude Include="Header\DB\Impl\MySQL\Session.h">
      <Filter>Header\DB\Impl\MySQL</Filter>
    </ClInclude>
    <ClInclude Include="Header\DB\Impl\MySQL\Stmt.h">
      <Filter>Header\DB\Impl\MySQL</Filter>
    </ClInclude>
    <ClInclude Include="Header\DB\Pointer.h">
      <Filter>Header\DB</Filter>
    </ClInclude>
    <ClInclude Include="Header\Utils\StringReader.h">
      <Filter>Header\Utils</Filter>
    </ClInclude>
    <ClInclude Include="Header\Utils\ShellLinkFile.h">
      <Filter>Header\Utils</Filter>
    </ClInclude>
    <ClInclude Include="Header\MC\ItemStackRequestAction.hpp">
      <Filter>Header\MC</Filter>
    </ClInclude>
    <ClInclude Include="Header\MC\Path.hpp">
      <Filter>Header\MC</Filter>
    </ClInclude>
    <ClInclude Include="Header\MC\BoundingBox.hpp">
      <Filter>Header\MC</Filter>
    </ClInclude>
    <ClInclude Include="Header\MC\ContentIdentity.hpp">
      <Filter>Header\MC</Filter>
    </ClInclude>
    <ClInclude Include="Header\MC\Core.hpp">
      <Filter>Header\MC</Filter>
    </ClInclude>
    <ClInclude Include="Header\MC\PackIdVersion.hpp">
      <Filter>Header\MC</Filter>
    </ClInclude>
    <ClInclude Include="Header\MC\PackInfoData.hpp">
      <Filter>Header\MC</Filter>
    </ClInclude>
    <ClInclude Include="Header\MC\ResourcePacksInfoPacket.hpp">
      <Filter>Header\MC</Filter>
    </ClInclude>
    <ClInclude Include="Header\MC\SemVersion.hpp">
      <Filter>Header\MC</Filter>
    </ClInclude>
  </ItemGroup>
  <ItemGroup>
    <Library Include="Lib\third-party\openssl\libcrypto.lib">
      <Filter>Lib</Filter>
    </Library>
    <Library Include="Lib\third-party\openssl\libssl.lib">
      <Filter>Lib</Filter>
    </Library>
    <Library Include="Lib\third-party\SQLiteCpp\SQLiteCpp.lib">
      <Filter>Lib</Filter>
    </Library>
    <Library Include="Lib\third-party\SQLiteCpp\sqlite3.lib">
      <Filter>Lib</Filter>
    </Library>
    <Library Include="Lib\bedrock_server_api.lib">
      <Filter>Lib</Filter>
    </Library>
    <Library Include="Lib\bedrock_server_var.lib">
      <Filter>Lib</Filter>
    </Library>
    <Library Include="Lib\SymDBHelper.lib">
      <Filter>Lib</Filter>
    </Library>
    <Library Include="Lib\third-party\dbghelp\dbghelp.lib">
      <Filter>Lib</Filter>
    </Library>
    <Library Include="Lib\third-party\compact_enc_det\ced.lib">
      <Filter>Lib</Filter>
    </Library>
    <Library Include="Lib\third-party\dyncall\dyncall_s.lib">
      <Filter>Lib</Filter>
    </Library>
    <Library Include="Lib\third-party\dyncall\dyncallback_s.lib">
      <Filter>Lib</Filter>
    </Library>
    <Library Include="Lib\third-party\dyncall\dynload_s.lib">
      <Filter>Lib</Filter>
    </Library>
    <Library Include="Lib\third-party\mysql\mysqlclient.lib">
      <Filter>Lib</Filter>
    </Library>
  </ItemGroup>
  <ItemGroup>
    <None Include="Resource\LiteLoader.aps">
      <Filter>Resource</Filter>
    </None>
    <None Include="cpp.hint">
      <Filter>Resource</Filter>
    </None>
  </ItemGroup>
  <ItemGroup>
    <ResourceCompile Include="Resource\LiteLoader.rc">
      <Filter>Resource</Filter>
    </ResourceCompile>
  </ItemGroup>
</Project>