<?xml version="1.0" encoding="utf-8"?>
<Project ToolsVersion="4.0" xmlns="http://schemas.microsoft.com/developer/msbuild/2003">
  <ItemGroup>
    <Filter Include="Header">
      <UniqueIdentifier>{d410e212-6fb1-4b5e-ad71-ca8719382134}</UniqueIdentifier>
    </Filter>
    <Filter Include="Kernel">
      <UniqueIdentifier>{00986ecf-875a-4a73-8bf4-c0d13fa28a8c}</UniqueIdentifier>
    </Filter>
    <Filter Include="Header\Utils">
      <UniqueIdentifier>{f859b142-7ffa-4640-9db5-9651be70e1f5}</UniqueIdentifier>
    </Filter>
    <Filter Include="Resource">
      <UniqueIdentifier>{a29273cf-1024-42da-bbca-c7b68d0bd7d9}</UniqueIdentifier>
    </Filter>
    <Filter Include="Kernel\Utils">
      <UniqueIdentifier>{db8c7097-58e9-4305-a23c-ca484d7f7849}</UniqueIdentifier>
    </Filter>
    <Filter Include="Main">
      <UniqueIdentifier>{d6bc6c3c-081e-4a49-b3a2-502827f757d3}</UniqueIdentifier>
    </Filter>
    <Filter Include="Kernel\Utils\nbtcpp">
      <UniqueIdentifier>{6c670ca4-b7e9-4e4d-a345-6ee43e30fe91}</UniqueIdentifier>
    </Filter>
    <Filter Include="Header\Command">
      <UniqueIdentifier>{31d6a3e5-865d-4c63-ac9f-3a1ae20576fc}</UniqueIdentifier>
    </Filter>
    <Filter Include="Kernel\Command">
      <UniqueIdentifier>{f30950e1-b963-47af-9bee-c7c49e7cb87e}</UniqueIdentifier>
    </Filter>
    <Filter Include="Lib">
      <UniqueIdentifier>{d9e89437-c6ec-49f1-a3cd-c9a420629b3d}</UniqueIdentifier>
    </Filter>
    <Filter Include="Header\NBT">
      <UniqueIdentifier>{4337a0ac-2dc4-4c54-8052-8a461c46788a}</UniqueIdentifier>
    </Filter>
    <Filter Include="Kernel\NBT">
      <UniqueIdentifier>{4fd86d70-9a2a-4ae7-9492-e9b6001e547d}</UniqueIdentifier>
    </Filter>
  </ItemGroup>
  <ItemGroup>
    <ClCompile Include="Kernel\Utils\CsLock.cpp">
      <Filter>Kernel\Utils</Filter>
    </ClCompile>
    <ClCompile Include="Kernel\LLAPI.cpp">
      <Filter>Kernel</Filter>
    </ClCompile>
    <ClCompile Include="Kernel\Utils\StringHelper.cpp">
      <Filter>Kernel\Utils</Filter>
    </ClCompile>
    <ClCompile Include="Kernel\Utils\WinHelper.cpp">
      <Filter>Kernel\Utils</Filter>
    </ClCompile>
    <ClCompile Include="Kernel\ServerAPI.cpp">
      <Filter>Kernel</Filter>
    </ClCompile>
    <ClCompile Include="Kernel\Utils\PluginOwnData.cpp">
      <Filter>Kernel\Utils</Filter>
    </ClCompile>
    <ClCompile Include="Kernel\Utils\FileHelper.cpp">
      <Filter>Kernel\Utils</Filter>
    </ClCompile>
    <ClCompile Include="Kernel\LoggerAPI.cpp">
      <Filter>Kernel</Filter>
    </ClCompile>
    <ClCompile Include="Kernel\TranslationAPI.cpp">
      <Filter>Kernel</Filter>
    </ClCompile>
    <ClCompile Include="Kernel\KVDBAPI.cpp">
      <Filter>Kernel</Filter>
    </ClCompile>
    <ClCompile Include="Kernel\PlayerAPI.cpp">
      <Filter>Kernel</Filter>
    </ClCompile>
    <ClCompile Include="Kernel\ActorAPI.cpp">
      <Filter>Kernel</Filter>
    </ClCompile>
    <ClCompile Include="Kernel\MobAPI.cpp">
      <Filter>Kernel</Filter>
    </ClCompile>
    <ClCompile Include="Kernel\Utils\NetworkHelper.cpp">
      <Filter>Kernel\Utils</Filter>
    </ClCompile>
    <ClCompile Include="Kernel\Utils\CryptHelper.cpp">
      <Filter>Kernel\Utils</Filter>
    </ClCompile>
    <ClCompile Include="BugFix.cpp">
      <Filter>Main</Filter>
    </ClCompile>
    <ClCompile Include="Config.cpp">
      <Filter>Main</Filter>
    </ClCompile>
    <ClCompile Include="CrashLogger.cpp">
      <Filter>Main</Filter>
    </ClCompile>
    <ClCompile Include="dllmain.cpp">
      <Filter>Main</Filter>
    </ClCompile>
    <ClCompile Include="LiteLoader.cpp">
      <Filter>Main</Filter>
    </ClCompile>
    <ClCompile Include="Loader.cpp">
      <Filter>Main</Filter>
    </ClCompile>
    <ClCompile Include="ModifyName.cpp">
      <Filter>Main</Filter>
    </ClCompile>
    <ClCompile Include="PluginManager.cpp">
      <Filter>Main</Filter>
    </ClCompile>
    <ClCompile Include="Kernel\ContainerAPI.cpp">
      <Filter>Kernel</Filter>
    </ClCompile>
    <ClCompile Include="Kernel\ItemStackAPI.cpp">
      <Filter>Kernel</Filter>
    </ClCompile>
    <ClCompile Include="AutoUpgrade.cpp">
      <Filter>Main</Filter>
    </ClCompile>
    <ClCompile Include="CheckNotice.cpp">
      <Filter>Main</Filter>
    </ClCompile>
    <ClCompile Include="Kernel\LevelAPI.cpp">
      <Filter>Kernel</Filter>
    </ClCompile>
    <ClCompile Include="Kernel\Utils\GlobalService.cpp">
      <Filter>Kernel\Utils</Filter>
    </ClCompile>
    <ClCompile Include="Kernel\ScheduleAPI.cpp">
      <Filter>Kernel</Filter>
    </ClCompile>
    <ClCompile Include="Kernel\BlockActorAPI.cpp">
      <Filter>Kernel</Filter>
    </ClCompile>
    <ClCompile Include="Kernel\ScoreboardAPI.cpp">
      <Filter>Kernel</Filter>
    </ClCompile>
    <ClCompile Include="Kernel\BlockAPI.cpp">
      <Filter>Kernel</Filter>
    </ClCompile>
    <ClCompile Include="Kernel\BlockInstanceAPI.cpp">
      <Filter>Kernel</Filter>
    </ClCompile>
    <ClCompile Include="Kernel\SpawnerAPI.cpp">
      <Filter>Kernel</Filter>
    </ClCompile>
    <ClCompile Include="Kernel\BlockLegacyAPI.cpp">
      <Filter>Kernel</Filter>
    </ClCompile>
    <ClCompile Include="Lib\third-party\nbtcpp\nbt.cpp">
      <Filter>Kernel\Utils\nbtcpp</Filter>
    </ClCompile>
    <ClCompile Include="Kernel\EventAPI.cpp">
      <Filter>Kernel</Filter>
    </ClCompile>
    <ClCompile Include="Kernel\NetworkIdentifierAPI.cpp">
      <Filter>Kernel</Filter>
    </ClCompile>
    <ClCompile Include="Kernel\Utils\PlayerMap.cpp">
      <Filter>Kernel\Utils</Filter>
    </ClCompile>
    <ClCompile Include="Kernel\FormAPI.cpp">
      <Filter>Kernel</Filter>
    </ClCompile>
    <ClCompile Include="Kernel\ItemActorAPI.cpp">
      <Filter>Kernel</Filter>
    </ClCompile>
    <ClCompile Include="Kernel\BlockSourceAPI.cpp">
      <Filter>Kernel</Filter>
    </ClCompile>
    <ClCompile Include="BuiltinCommands.cpp">
      <Filter>Main</Filter>
    </ClCompile>
    <ClCompile Include="Kernel\HitResultAPI.cpp">
      <Filter>Kernel</Filter>
    </ClCompile>
    <ClCompile Include="Kernel\StructureTemplateAPI.cpp">
      <Filter>Kernel</Filter>
    </ClCompile>
    <ClCompile Include="Kernel\CommandAPI.cpp">
      <Filter>Kernel\Command</Filter>
    </ClCompile>
    <ClCompile Include="Kernel\CommandOriginAPI.cpp">
      <Filter>Kernel\Command</Filter>
    </ClCompile>
    <ClCompile Include="Kernel\CommandOutputAPI.cpp">
      <Filter>Kernel\Command</Filter>
    </ClCompile>
    <ClCompile Include="Kernel\CommandRegistryAPI.cpp">
      <Filter>Kernel\Command</Filter>
    </ClCompile>
    <ClCompile Include="Kernel\CommandParameterDataAPI.cpp">
      <Filter>Kernel\Command</Filter>
    </ClCompile>
    <ClCompile Include="Kernel\GameModeAPI.cpp">
      <Filter>Kernel</Filter>
    </ClCompile>
    <ClCompile Include="Kernel\ListTagAPI.cpp">
      <Filter>Kernel\NBT</Filter>
    </ClCompile>
    <ClCompile Include="Kernel\CompoundTagAPI.cpp">
      <Filter>Kernel\NBT</Filter>
    </ClCompile>
    <ClCompile Include="Kernel\TagAPI.cpp">
      <Filter>Kernel\NBT</Filter>
    </ClCompile>
    <ClCompile Include="PlayerDB.cpp">
      <Filter>Kernel</Filter>
    </ClCompile>
  </ItemGroup>
  <ItemGroup>
    <ClInclude Include="Header\HookAPI.h">
      <Filter>Header</Filter>
    </ClInclude>
    <ClInclude Include="Header\Utils\CsLock.h">
      <Filter>Header\Utils</Filter>
    </ClInclude>
    <ClInclude Include="Header\Global.h">
      <Filter>Header</Filter>
    </ClInclude>
    <ClInclude Include="Header\LLAPI.h">
      <Filter>Header</Filter>
    </ClInclude>
    <ClInclude Include="Header\Utils\PatchHelper.h">
      <Filter>Header\Utils</Filter>
    </ClInclude>
    <ClInclude Include="Resource\resource.h">
      <Filter>Resource</Filter>
    </ClInclude>
    <ClInclude Include="Header\ServerAPI.h">
      <Filter>Header</Filter>
    </ClInclude>
    <ClInclude Include="Header\Utils\StringHelper.h">
      <Filter>Header\Utils</Filter>
    </ClInclude>
    <ClInclude Include="Header\Utils\WinHelper.h">
      <Filter>Header\Utils</Filter>
    </ClInclude>
    <ClInclude Include="Header\Utils\Hash.h">
      <Filter>Header\Utils</Filter>
    </ClInclude>
    <ClInclude Include="Header\Utils\PluginOwnData.h">
      <Filter>Header\Utils</Filter>
    </ClInclude>
    <ClInclude Include="Header\Utils\FileHelper.h">
      <Filter>Header\Utils</Filter>
    </ClInclude>
    <ClInclude Include="Header\LoggerAPI.h">
      <Filter>Header</Filter>
    </ClInclude>
    <ClInclude Include="Header\TranslationAPI.h">
      <Filter>Header</Filter>
    </ClInclude>
    <ClInclude Include="Header\KVDBAPI.h">
      <Filter>Header</Filter>
    </ClInclude>
    <ClInclude Include="Header\Utils\Json.h">
      <Filter>Header\Utils</Filter>
    </ClInclude>
    <ClInclude Include="Header\Utils\NetworkHelper.h">
      <Filter>Header\Utils</Filter>
    </ClInclude>
    <ClInclude Include="Header\Utils\CryptHelper.h">
      <Filter>Header\Utils</Filter>
    </ClInclude>
    <ClInclude Include="Config.h">
      <Filter>Main</Filter>
    </ClInclude>
    <ClInclude Include="CrashLogger.h">
      <Filter>Main</Filter>
    </ClInclude>
    <ClInclude Include="Loader.h">
      <Filter>Main</Filter>
    </ClInclude>
    <ClInclude Include="PluginManager.h">
      <Filter>Main</Filter>
    </ClInclude>
    <ClInclude Include="Version.h">
      <Filter>Main</Filter>
    </ClInclude>
    <ClInclude Include="Header\MC\Types.hpp">
      <Filter>Header</Filter>
    </ClInclude>
    <ClInclude Include="AutoUpgrade.h">
      <Filter>Main</Filter>
    </ClInclude>
    <ClInclude Include="CheckNotice.h">
      <Filter>Main</Filter>
    </ClInclude>
    <ClInclude Include="Header\Utils\GlobalService.h">
      <Filter>Header\Utils</Filter>
    </ClInclude>
    <ClInclude Include="Header\ScheduleAPI.h">
      <Filter>Header</Filter>
    </ClInclude>
    <ClInclude Include="Header\MC\BlockInstance.hpp">
      <Filter>Header</Filter>
    </ClInclude>
    <ClInclude Include="Header\MC\Extra\ActorAPI.hpp">
      <Filter>Header</Filter>
    </ClInclude>
    <ClInclude Include="Header\MC\Extra\BlockAPI.hpp">
      <Filter>Header</Filter>
    </ClInclude>
    <ClInclude Include="Header\MC\Extra\BlockActorAPI.hpp">
      <Filter>Header</Filter>
    </ClInclude>
    <ClInclude Include="Header\MC\Extra\BlockLegacyAPI.hpp">
      <Filter>Header</Filter>
    </ClInclude>
    <ClInclude Include="Header\MC\Extra\ContainerAPI.hpp">
      <Filter>Header</Filter>
    </ClInclude>
    <ClInclude Include="Header\MC\Extra\ItemStackAPI.hpp">
      <Filter>Header</Filter>
    </ClInclude>
    <ClInclude Include="Header\MC\Extra\LevelAPI.hpp">
      <Filter>Header</Filter>
    </ClInclude>
    <ClInclude Include="Header\MC\Extra\MobAPI.hpp">
      <Filter>Header</Filter>
    </ClInclude>
    <ClInclude Include="Header\MC\Extra\PlayerAPI.hpp">
      <Filter>Header</Filter>
    </ClInclude>
    <ClInclude Include="Header\MC\Extra\ScoreboardAPI.hpp">
      <Filter>Header</Filter>
    </ClInclude>
    <ClInclude Include="Header\MC\Extra\SpawnerAPI.hpp">
      <Filter>Header</Filter>
    </ClInclude>
    <ClInclude Include="Header\EventAPI.h">
      <Filter>Header</Filter>
    </ClInclude>
    <ClInclude Include="Header\MC\Extra\NetworkIdentifierAPI.hpp">
      <Filter>Header</Filter>
    </ClInclude>
    <ClInclude Include="Header\Utils\ViewHelper.h">
      <Filter>Header\Utils</Filter>
    </ClInclude>
    <ClInclude Include="Header\Utils\Optional.h">
      <Filter>Header\Utils</Filter>
    </ClInclude>
    <ClInclude Include="Header\Utils\VarInt.h">
      <Filter>Header\Utils</Filter>
    </ClInclude>
    <ClInclude Include="Header\Utils\Bstream.h">
      <Filter>Header\Utils</Filter>
    </ClInclude>
    <ClInclude Include="Header\Utils\PlayerMap.h">
      <Filter>Header\Utils</Filter>
    </ClInclude>
    <ClInclude Include="Header\MC\FormUI.hpp">
      <Filter>Header</Filter>
    </ClInclude>
    <ClInclude Include="Header\MC\Extra\ConnectionRequestAPI.hpp">
      <Filter>Header</Filter>
    </ClInclude>
    <ClInclude Include="Header\MC\Extra\WebTokenAPI.hpp">
      <Filter>Header</Filter>
    </ClInclude>
    <ClInclude Include="Header\MC\Extra\ScriptingAPI.hpp">
      <Filter>Header</Filter>
    </ClInclude>
    <ClInclude Include="Header\MC\Extra\RakNetAPI.hpp">
      <Filter>Header</Filter>
    </ClInclude>
    <ClInclude Include="Header\MC\Extra\ItemActorAPI.hpp">
      <Filter>Header</Filter>
    </ClInclude>
    <ClInclude Include="Header\MC\Extra\BlockSourceAPI.hpp">
      <Filter>Header</Filter>
    </ClInclude>
    <ClInclude Include="Header\MC\Extra\HashedStringAPI.hpp">
      <Filter>Header</Filter>
    </ClInclude>
    <ClInclude Include="Header\MC\Extra\HitResultAPI.hpp">
      <Filter>Header</Filter>
    </ClInclude>
    <ClInclude Include="Header\MC\Extra\TeleportTargetAPI.hpp">
      <Filter>Header</Filter>
    </ClInclude>
    <ClInclude Include="Header\MC\Extra\StructureSettingsAPI.hpp">
      <Filter>Header</Filter>
    </ClInclude>
    <ClInclude Include="Header\MC\Extra\StructureTemplateAPI.hpp">
      <Filter>Header</Filter>
    </ClInclude>
    <ClInclude Include="Header\MC\Extra\CommandContextAPI.hpp">
      <Filter>Header\Command</Filter>
    </ClInclude>
    <ClInclude Include="Header\MC\Extra\CommandAPI.hpp">
      <Filter>Header\Command</Filter>
    </ClInclude>
    <ClInclude Include="Header\MC\Extra\CommandOriginAPI.hpp">
      <Filter>Header\Command</Filter>
    </ClInclude>
    <ClInclude Include="Header\MC\Extra\CommandOutputAPI.hpp">
      <Filter>Header\Command</Filter>
    </ClInclude>
    <ClInclude Include="Header\MC\Extra\CommandRegistryAPI.hpp">
      <Filter>Header\Command</Filter>
    </ClInclude>
    <ClInclude Include="Header\RegCommandAPI.h">
      <Filter>Header\Command</Filter>
    </ClInclude>
    <ClInclude Include="Header\MC\Extra\CommandParameterDataAPI.hpp">
      <Filter>Header\Command</Filter>
    </ClInclude>
    <ClInclude Include="Header\MC\Extra\MinecraftCommandsAPI.hpp">
      <Filter>Header\Command</Filter>
    </ClInclude>
    <ClInclude Include="Header\MC\CommandSelector.hpp">
      <Filter>Header\Command</Filter>
    </ClInclude>
    <ClInclude Include="Header\BinaryStreamAPI.h">
      <Filter>Header</Filter>
    </ClInclude>
    <ClInclude Include="Header\SendPacketAPI.h">
      <Filter>Header</Filter>
    </ClInclude>
    <ClInclude Include="Header\MC\Extra\CommandPositionAPI.hpp">
      <Filter>Header\Command</Filter>
    </ClInclude>
    <ClInclude Include="Header\MC\Extra\CommandMessageAPI.hpp">
      <Filter>Header\Command</Filter>
    </ClInclude>
    <ClInclude Include="Header\MC\TeleportTarget.hpp">
      <Filter>Header</Filter>
    </ClInclude>
    <ClInclude Include="Header\MC\Extra\GameModeAPI.hpp">
      <Filter>Header</Filter>
    </ClInclude>
    <ClInclude Include="Header\MC\Extra\CompoundTagAPI.hpp">
      <Filter>Header\NBT</Filter>
    </ClInclude>
    <ClInclude Include="Header\MC\Extra\TagAPI.hpp">
      <Filter>Header\NBT</Filter>
    </ClInclude>
    <ClInclude Include="Header\MC\Extra\ListTagAPI.hpp">
      <Filter>Header\NBT</Filter>
    </ClInclude>
    <ClInclude Include="PlayerDB.h">
      <Filter>Header</Filter>
    </ClInclude>
  </ItemGroup>
  <ItemGroup>
    <Library Include="Lib\third-party\leveldb\leveldb.lib">
      <Filter>Lib</Filter>
    </Library>
    <Library Include="Lib\third-party\openssl\libcrypto.lib">
      <Filter>Lib</Filter>
    </Library>
    <Library Include="Lib\third-party\openssl\libssl.lib">
      <Filter>Lib</Filter>
    </Library>
    <Library Include="Header\third-party\cpp-base64\lib\cpp-base64.lib">
      <Filter>Lib</Filter>
    </Library>
    <Library Include="Lib\SymDBHelper.lib">
      <Filter>Lib</Filter>
    </Library>
    <Library Include="Lib\bedrock_server_api.lib">
      <Filter>Lib</Filter>
    </Library>
    <Library Include="Lib\bedrock_server_var.lib">
      <Filter>Lib</Filter>
    </Library>
    <Library Include="Lib\third-party\SQLiteCpp\SQLiteCpp.lib">
      <Filter>Lib</Filter>
    </Library>
    <Library Include="Lib\third-party\SQLiteCpp\sqlite3.lib">
      <Filter>Lib</Filter>
    </Library>
  </ItemGroup>
  <ItemGroup>
    <None Include="cpp.hint">
      <Filter>Lib</Filter>
    </None>
    <None Include="Resource\LiteLoader.aps">
      <Filter>Resource</Filter>
    </None>
  </ItemGroup>
  <ItemGroup>
    <ResourceCompile Include="Resource\LiteLoader.rc">
      <Filter>Lib</Filter>
    </ResourceCompile>
  </ItemGroup>
</Project>