<?xml version="1.0" encoding="utf-8"?>
<Project ToolsVersion="4.0" xmlns="http://schemas.microsoft.com/developer/msbuild/2003">
  <ItemGroup>
    <Filter Include="API">
      <UniqueIdentifier>{2ffc71f3-f140-445c-a964-5eb48b90fc50}</UniqueIdentifier>
    </Filter>
    <Filter Include="Main">
      <UniqueIdentifier>{93995380-89BD-4b04-88EB-625FBE52EBFB}</UniqueIdentifier>
      <Extensions>
      </Extensions>
    </Filter>
    <Filter Include="Lib">
      <UniqueIdentifier>{3aacf150-55b2-4166-9782-9832fe58a15f}</UniqueIdentifier>
    </Filter>
    <Filter Include="Engine">
      <UniqueIdentifier>{4af0e4d7-d5c3-479b-8390-dd767fa049b6}</UniqueIdentifier>
    </Filter>
    <Filter Include="Tools">
      <UniqueIdentifier>{c322c5ad-e260-4fba-b9d5-f73c3fcbe583}</UniqueIdentifier>
    </Filter>
    <Filter Include="Resource">
      <UniqueIdentifier>{01a1c5e2-9b11-4e4b-aece-b6f0aaef4b25}</UniqueIdentifier>
    </Filter>
  </ItemGroup>
  <ItemGroup>
    <ClCompile Include="API\APIHelp.cpp">
      <Filter>API</Filter>
    </ClCompile>
    <ClCompile Include="API\BaseAPI.cpp">
      <Filter>API</Filter>
    </ClCompile>
    <ClCompile Include="API\BlockAPI.cpp">
      <Filter>API</Filter>
    </ClCompile>
    <ClCompile Include="API\CommandCompatibleAPI.cpp">
      <Filter>API</Filter>
    </ClCompile>
    <ClCompile Include="API\DataAPI.cpp">
      <Filter>API</Filter>
    </ClCompile>
    <ClCompile Include="API\EntityAPI.cpp">
      <Filter>API</Filter>
    </ClCompile>
    <ClCompile Include="API\EventAPI.cpp">
      <Filter>API</Filter>
    </ClCompile>
    <ClCompile Include="API\FileSystemAPI.cpp">
      <Filter>API</Filter>
    </ClCompile>
    <ClCompile Include="API\GuiAPI.cpp">
      <Filter>API</Filter>
    </ClCompile>
    <ClCompile Include="API\ItemAPI.cpp">
      <Filter>API</Filter>
    </ClCompile>
    <ClCompile Include="API\LoggerAPI.cpp">
      <Filter>API</Filter>
    </ClCompile>
    <ClCompile Include="API\LlAPI.cpp">
      <Filter>API</Filter>
    </ClCompile>
    <ClCompile Include="API\NbtAPI.cpp">
      <Filter>API</Filter>
    </ClCompile>
    <ClCompile Include="API\NetworkAPI.cpp">
      <Filter>API</Filter>
    </ClCompile>
    <ClCompile Include="API\PlayerAPI.cpp">
      <Filter>API</Filter>
    </ClCompile>
    <ClCompile Include="API\ServerAPI.cpp">
      <Filter>API</Filter>
    </ClCompile>
    <ClCompile Include="BindAPIs.cpp">
      <Filter>Main</Filter>
    </ClCompile>
    <ClCompile Include="dllmain.cpp">
      <Filter>Main</Filter>
    </ClCompile>
    <ClCompile Include="ScriptEngine.cpp">
      <Filter>Main</Filter>
    </ClCompile>
    <ClCompile Include="Loader.cpp">
      <Filter>Main</Filter>
    </ClCompile>
    <ClCompile Include="API\ScriptAPI.cpp">
      <Filter>API</Filter>
    </ClCompile>
    <ClCompile Include="API\SystemAPI.cpp">
      <Filter>API</Filter>
    </ClCompile>
    <ClCompile Include="Engine\GlobalShareData.cpp">
      <Filter>Engine</Filter>
    </ClCompile>
    <ClCompile Include="Engine\LoaderHelper.cpp">
      <Filter>Engine</Filter>
    </ClCompile>
    <ClCompile Include="Engine\RemoteCall.cpp">
      <Filter>Engine</Filter>
    </ClCompile>
    <ClCompile Include="Engine\LocalShareData.cpp">
      <Filter>Engine</Filter>
    </ClCompile>
    <ClCompile Include="API\DeviceAPI.cpp">
      <Filter>API</Filter>
    </ClCompile>
    <ClCompile Include="API\ScoreboardAPI.cpp">
      <Filter>API</Filter>
    </ClCompile>
    <ClCompile Include="Engine\MessageSystem.cpp">
      <Filter>Engine</Filter>
    </ClCompile>
    <ClCompile Include="API\ContainerAPI.cpp">
      <Filter>API</Filter>
    </ClCompile>
    <ClCompile Include="Engine\TimeTaskSystem.cpp">
      <Filter>Engine</Filter>
    </ClCompile>
    <ClCompile Include="API\BlockEntityAPI.cpp">
      <Filter>API</Filter>
    </ClCompile>
    <ClCompile Include="API\GameUtilsAPI.cpp">
      <Filter>API</Filter>
    </ClCompile>
    <ClCompile Include="API\McAPI.cpp">
      <Filter>API</Filter>
    </ClCompile>
    <ClCompile Include="Global.cpp">
      <Filter>Main</Filter>
    </ClCompile>
    <ClCompile Include="Tools\Utils.cpp">
      <Filter>Tools</Filter>
    </ClCompile>
    <ClCompile Include="Tools\IniHelper.cpp">
      <Filter>Tools</Filter>
    </ClCompile>
    <ClCompile Include="EconomySystem.cpp">
      <Filter>Main</Filter>
    </ClCompile>
    <ClCompile Include="Engine\OperationCount.cpp">
      <Filter>Engine</Filter>
    </ClCompile>
    <ClCompile Include="SafeGuardRecord.cpp">
      <Filter>Main</Filter>
    </ClCompile>
    <ClCompile Include="BuiltinCommands.cpp">
      <Filter>Main</Filter>
    </ClCompile>
    <ClCompile Include="API\CommandAPI.cpp">
      <Filter>API</Filter>
    </ClCompile>
    <ClCompile Include="API\CommandOriginAPI.cpp">
      <Filter>API</Filter>
    </ClCompile>
    <ClCompile Include="API\CommandOutputAPI.cpp">
      <Filter>API</Filter>
    </ClCompile>
    <ClCompile Include="PluginManager.cpp">
      <Filter>Main</Filter>
    </ClCompile>
    <ClCompile Include="Engine\EngineManager.cpp">
      <Filter>Engine</Filter>
    </ClCompile>
    <ClCompile Include="API\RemoteCallAPI.cpp">
      <Filter>API</Filter>
    </ClCompile>
    <ClCompile Include="API\DatabaseAPI.cpp">
      <Filter>API</Filter>
    </ClCompile>
    <ClCompile Include="API\SimulatedPlayerAPI.cpp">
      <Filter>API</Filter>
    </ClCompile>
    <ClCompile Include="NodeJsHelper.cpp">
      <Filter>Main</Filter>
    </ClCompile>
    <ClCompile Include="API\PacketAPI.cpp">
      <Filter>API</Filter>
    </ClCompile>
    <ClCompile Include="API\StructureAPI.cpp">
      <Filter>API</Filter>
    </ClCompile>
  </ItemGroup>
  <ItemGroup>
    <ClInclude Include="API\BaseAPI.h">
      <Filter>API</Filter>
    </ClInclude>
    <ClInclude Include="API\BlockAPI.h">
      <Filter>API</Filter>
    </ClInclude>
    <ClInclude Include="API\CommandCompatibleAPI.h">
      <Filter>API</Filter>
    </ClInclude>
    <ClInclude Include="API\DataAPI.h">
      <Filter>API</Filter>
    </ClInclude>
    <ClInclude Include="API\EntityAPI.h">
      <Filter>API</Filter>
    </ClInclude>
    <ClInclude Include="API\EventAPI.h">
      <Filter>API</Filter>
    </ClInclude>
    <ClInclude Include="API\FileSystemAPI.h">
      <Filter>API</Filter>
    </ClInclude>
    <ClInclude Include="API\GuiAPI.h">
      <Filter>API</Filter>
    </ClInclude>
    <ClInclude Include="API\ItemAPI.h">
      <Filter>API</Filter>
    </ClInclude>
    <ClInclude Include="API\LoggerAPI.h">
      <Filter>API</Filter>
    </ClInclude>
    <ClInclude Include="API\LlAPI.h">
      <Filter>API</Filter>
    </ClInclude>
    <ClInclude Include="API\NbtAPI.h">
      <Filter>API</Filter>
    </ClInclude>
    <ClInclude Include="API\NetworkAPI.h">
      <Filter>API</Filter>
    </ClInclude>
    <ClInclude Include="API\APIHelp.h">
      <Filter>API</Filter>
    </ClInclude>
    <ClInclude Include="API\PlayerAPI.h">
      <Filter>API</Filter>
    </ClInclude>
    <ClInclude Include="API\ServerAPI.h">
      <Filter>API</Filter>
    </ClInclude>
    <ClInclude Include="Configs.h">
      <Filter>Main</Filter>
    </ClInclude>
    <ClInclude Include="Loader.h">
      <Filter>Main</Filter>
    </ClInclude>
    <ClInclude Include="API\ScriptAPI.h">
      <Filter>API</Filter>
    </ClInclude>
    <ClInclude Include="API\SystemAPI.h">
      <Filter>API</Filter>
    </ClInclude>
    <ClInclude Include="Engine\GlobalShareData.h">
      <Filter>Engine</Filter>
    </ClInclude>
    <ClInclude Include="Engine\EngineOwnData.h">
      <Filter>Engine</Filter>
    </ClInclude>
    <ClInclude Include="Engine\LoaderHelper.h">
      <Filter>Engine</Filter>
    </ClInclude>
    <ClInclude Include="Engine\RemoteCall.h">
      <Filter>Engine</Filter>
    </ClInclude>
    <ClInclude Include="Engine\LocalShareData.h">
      <Filter>Engine</Filter>
    </ClInclude>
    <ClInclude Include="API\DeviceAPI.h">
      <Filter>API</Filter>
    </ClInclude>
    <ClInclude Include="API\ScoreboardAPI.h">
      <Filter>API</Filter>
    </ClInclude>
    <ClInclude Include="Engine\MessageSystem.h">
      <Filter>Engine</Filter>
    </ClInclude>
    <ClInclude Include="API\ContainerAPI.h">
      <Filter>API</Filter>
    </ClInclude>
    <ClInclude Include="Engine\TimeTaskSystem.h">
      <Filter>Engine</Filter>
    </ClInclude>
    <ClInclude Include="API\BlockEntityAPI.h">
      <Filter>API</Filter>
    </ClInclude>
    <ClInclude Include="API\McAPI.h">
      <Filter>API</Filter>
    </ClInclude>
    <ClInclude Include="API\GameUtilsAPI.h">
      <Filter>API</Filter>
    </ClInclude>
    <ClInclude Include="Global.hpp">
      <Filter>Main</Filter>
    </ClInclude>
    <ClInclude Include="Tools\Utils.h">
      <Filter>Tools</Filter>
    </ClInclude>
    <ClInclude Include="Tools\IniHelper.h">
      <Filter>Tools</Filter>
    </ClInclude>
    <ClInclude Include="EconomicSystem.h">
      <Filter>Main</Filter>
    </ClInclude>
    <ClInclude Include="Tools\JsonHelper.h">
      <Filter>Tools</Filter>
    </ClInclude>
    <ClInclude Include="Engine\OperationCount.h">
      <Filter>Engine</Filter>
    </ClInclude>
    <ClInclude Include="SafeGuardRecord.h">
      <Filter>Main</Filter>
    </ClInclude>
    <ClInclude Include="BuiltinCommands.h">
      <Filter>Main</Filter>
    </ClInclude>
    <ClInclude Include="PluginManager.h">
      <Filter>Main</Filter>
    </ClInclude>
    <ClInclude Include="API\CommandAPI.h">
      <Filter>API</Filter>
    </ClInclude>
    <ClInclude Include="API\CommandOriginAPI.h">
      <Filter>API</Filter>
    </ClInclude>
    <ClInclude Include="API\CommandOutputAPI.h">
      <Filter>API</Filter>
    </ClInclude>
    <ClInclude Include="Engine\EngineManager.h">
      <Filter>Engine</Filter>
    </ClInclude>
    <ClInclude Include="API\RemoteCallAPI.h">
      <Filter>API</Filter>
    </ClInclude>
    <ClInclude Include="API\DatabaseAPI.h">
      <Filter>API</Filter>
    </ClInclude>
    <ClInclude Include="resource.h">
      <Filter>Resource</Filter>
    </ClInclude>
    <ClInclude Include="API\PacketAPI.h">
      <Filter>API</Filter>
    </ClInclude>
    <ClInclude Include="NodeJsHelper.h">
      <Filter>Main</Filter>
    </ClInclude>
  </ItemGroup>
  <ItemGroup>
    <Library Include="third-party\cpp-base64\lib\cpp-base64.lib">
      <Filter>Lib</Filter>
    </Library>
    <Library Include="third-party\openssl\libcrypto.lib">
      <Filter>Lib</Filter>
    </Library>
    <Library Include="third-party\dyncall\lib\libdyncall_s.lib">
      <Filter>Lib</Filter>
    </Library>
    <Library Include="third-party\dyncall\lib\libdyncallback_s.lib">
      <Filter>Lib</Filter>
    </Library>
    <Library Include="third-party\dyncall\lib\libdynload_s.lib">
      <Filter>Lib</Filter>
    </Library>
    <Library Include="third-party\openssl\libssl.lib">
      <Filter>Lib</Filter>
    </Library>
    <Library Include="third-party\LightWebSocketClient\lib\LightWSClient.lib">
      <Filter>Lib</Filter>
    </Library>
    <Library Include="third-party\Lua\lib\lua.lib">
      <Filter>Lib</Filter>
    </Library>
    <Library Include="third-party\nbt-cpp\lib\nbt-cpp.lib">
      <Filter>Lib</Filter>
    </Library>
    <Library Include="third-party\ScriptX\lib\ScriptX-Lua.lib">
      <Filter>Lib</Filter>
    </Library>
    <Library Include="third-party\QuickJs\lib\quickjs.lib">
      <Filter>Lib</Filter>
    </Library>
    <Library Include="..\LiteLoader\Lib\bedrock_server_api.lib">
      <Filter>Lib</Filter>
    </Library>
    <Library Include="..\LiteLoader\Lib\bedrock_server_var.lib">
      <Filter>Lib</Filter>
    </Library>
    <Library Include="..\LiteLoader\Lib\LiteLoader.lib">
      <Filter>Lib</Filter>
    </Library>
    <Library Include="..\LiteLoader\Lib\SymDBHelper.lib">
      <Filter>Lib</Filter>
    </Library>
    <Library Include="third-party\ScriptX\lib\ScriptX-NodeJs.lib">
      <Filter>Lib</Filter>
    </Library>
    <Library Include="third-party\ScriptX\lib\ScriptX-QuickJs.lib">
      <Filter>Lib</Filter>
    </Library>
    <Library Include="third-party\NodeJs\lib\libnode.lib">
      <Filter>Lib</Filter>
    </Library>
  </ItemGroup>
  <ItemGroup>
    <ResourceCompile Include="ScriptEngine.rc">
      <Filter>Resource</Filter>
    </ResourceCompile>
  </ItemGroup>
</Project>